// !$*UTF8*$!
{
	archiveVersion = 1;
	classes = {
	};
	objectVersion = 46;
	objects = {

/* Begin PBXBuildFile section */
		08BF1BCF1A073ACE00DBBF8C /* AppDelegate.swift in Sources */ = {isa = PBXBuildFile; fileRef = 08BF1BCE1A073ACE00DBBF8C /* AppDelegate.swift */; };
		08BF1BD21A073ACE00DBBF8C /* BathroomFinder.xcdatamodeld in Sources */ = {isa = PBXBuildFile; fileRef = 08BF1BD01A073ACE00DBBF8C /* BathroomFinder.xcdatamodeld */; };
		08BF1BD41A073ACE00DBBF8C /* ViewController.swift in Sources */ = {isa = PBXBuildFile; fileRef = 08BF1BD31A073ACE00DBBF8C /* ViewController.swift */; };
		08BF1BD71A073ACE00DBBF8C /* Main.storyboard in Resources */ = {isa = PBXBuildFile; fileRef = 08BF1BD51A073ACE00DBBF8C /* Main.storyboard */; };
		08BF1BD91A073ACE00DBBF8C /* Images.xcassets in Resources */ = {isa = PBXBuildFile; fileRef = 08BF1BD81A073ACE00DBBF8C /* Images.xcassets */; };
		08BF1BDC1A073ACE00DBBF8C /* LaunchScreen.xib in Resources */ = {isa = PBXBuildFile; fileRef = 08BF1BDA1A073ACE00DBBF8C /* LaunchScreen.xib */; };
		08BF1BE81A073ACE00DBBF8C /* BathroomFinderTests.swift in Sources */ = {isa = PBXBuildFile; fileRef = 08BF1BE71A073ACE00DBBF8C /* BathroomFinderTests.swift */; };
/* End PBXBuildFile section */

/* Begin PBXContainerItemProxy section */
		08BF1BE21A073ACE00DBBF8C /* PBXContainerItemProxy */ = {
			isa = PBXContainerItemProxy;
			containerPortal = 08BF1BC11A073ACE00DBBF8C /* Project object */;
			proxyType = 1;
			remoteGlobalIDString = 08BF1BC81A073ACE00DBBF8C;
			remoteInfo = BathroomFinder;
		};
/* End PBXContainerItemProxy section */

/* Begin PBXFileReference section */
		08BF1BC91A073ACE00DBBF8C /* BathroomFinder.app */ = {isa = PBXFileReference; explicitFileType = wrapper.application; includeInIndex = 0; path = BathroomFinder.app; sourceTree = BUILT_PRODUCTS_DIR; };
		08BF1BCD1A073ACE00DBBF8C /* Info.plist */ = {isa = PBXFileReference; lastKnownFileType = text.plist.xml; path = Info.plist; sourceTree = "<group>"; };
		08BF1BCE1A073ACE00DBBF8C /* AppDelegate.swift */ = {isa = PBXFileReference; lastKnownFileType = sourcecode.swift; path = AppDelegate.swift; sourceTree = "<group>"; };
		08BF1BD11A073ACE00DBBF8C /* BathroomFinder.xcdatamodel */ = {isa = PBXFileReference; lastKnownFileType = wrapper.xcdatamodel; path = BathroomFinder.xcdatamodel; sourceTree = "<group>"; };
		08BF1BD31A073ACE00DBBF8C /* ViewController.swift */ = {isa = PBXFileReference; lastKnownFileType = sourcecode.swift; path = ViewController.swift; sourceTree = "<group>"; };
		08BF1BD61A073ACE00DBBF8C /* Base */ = {isa = PBXFileReference; lastKnownFileType = file.storyboard; name = Base; path = Base.lproj/Main.storyboard; sourceTree = "<group>"; };
		08BF1BD81A073ACE00DBBF8C /* Images.xcassets */ = {isa = PBXFileReference; lastKnownFileType = folder.assetcatalog; path = Images.xcassets; sourceTree = "<group>"; };
		08BF1BDB1A073ACE00DBBF8C /* Base */ = {isa = PBXFileReference; lastKnownFileType = file.xib; name = Base; path = Base.lproj/LaunchScreen.xib; sourceTree = "<group>"; };
		08BF1BE11A073ACE00DBBF8C /* BathroomFinderTests.xctest */ = {isa = PBXFileReference; explicitFileType = wrapper.cfbundle; includeInIndex = 0; path = BathroomFinderTests.xctest; sourceTree = BUILT_PRODUCTS_DIR; };
		08BF1BE61A073ACE00DBBF8C /* Info.plist */ = {isa = PBXFileReference; lastKnownFileType = text.plist.xml; path = Info.plist; sourceTree = "<group>"; };
		08BF1BE71A073ACE00DBBF8C /* BathroomFinderTests.swift */ = {isa = PBXFileReference; lastKnownFileType = sourcecode.swift; path = BathroomFinderTests.swift; sourceTree = "<group>"; };
/* End PBXFileReference section */

/* Begin PBXFrameworksBuildPhase section */
		08BF1BC61A073ACE00DBBF8C /* Frameworks */ = {
			isa = PBXFrameworksBuildPhase;
			buildActionMask = 2147483647;
			files = (
			);
			runOnlyForDeploymentPostprocessing = 0;
		};
		08BF1BDE1A073ACE00DBBF8C /* Frameworks */ = {
			isa = PBXFrameworksBuildPhase;
			buildActionMask = 2147483647;
			files = (
			);
			runOnlyForDeploymentPostprocessing = 0;
		};
/* End PBXFrameworksBuildPhase section */

/* Begin PBXGroup section */
		08BF1BC01A073ACE00DBBF8C = {
			isa = PBXGroup;
			children = (
				08BF1BCB1A073ACE00DBBF8C /* BathroomFinder */,
				08BF1BE41A073ACE00DBBF8C /* BathroomFinderTests */,
				08BF1BCA1A073ACE00DBBF8C /* Products */,
			);
			sourceTree = "<group>";
		};
		08BF1BCA1A073ACE00DBBF8C /* Products */ = {
			isa = PBXGroup;
			children = (
				08BF1BC91A073ACE00DBBF8C /* BathroomFinder.app */,
				08BF1BE11A073ACE00DBBF8C /* BathroomFinderTests.xctest */,
			);
			name = Products;
			sourceTree = "<group>";
		};
		08BF1BCB1A073ACE00DBBF8C /* BathroomFinder */ = {
			isa = PBXGroup;
			children = (
				08BF1BCE1A073ACE00DBBF8C /* AppDelegate.swift */,
				08BF1BD31A073ACE00DBBF8C /* ViewController.swift */,
				08BF1BD51A073ACE00DBBF8C /* Main.storyboard */,
				08BF1BD81A073ACE00DBBF8C /* Images.xcassets */,
				08BF1BDA1A073ACE00DBBF8C /* LaunchScreen.xib */,
				08BF1BD01A073ACE00DBBF8C /* BathroomFinder.xcdatamodeld */,
				08BF1BCC1A073ACE00DBBF8C /* Supporting Files */,
			);
			path = BathroomFinder;
			sourceTree = "<group>";
		};
		08BF1BCC1A073ACE00DBBF8C /* Supporting Files */ = {
			isa = PBXGroup;
			children = (
				08BF1BCD1A073ACE00DBBF8C /* Info.plist */,
			);
			name = "Supporting Files";
			sourceTree = "<group>";
		};
		08BF1BE41A073ACE00DBBF8C /* BathroomFinderTests */ = {
			isa = PBXGroup;
			children = (
				08BF1BE71A073ACE00DBBF8C /* BathroomFinderTests.swift */,
				08BF1BE51A073ACE00DBBF8C /* Supporting Files */,
			);
			path = BathroomFinderTests;
			sourceTree = "<group>";
		};
		08BF1BE51A073ACE00DBBF8C /* Supporting Files */ = {
			isa = PBXGroup;
			children = (
				08BF1BE61A073ACE00DBBF8C /* Info.plist */,
			);
			name = "Supporting Files";
			sourceTree = "<group>";
		};
/* End PBXGroup section */

/* Begin PBXNativeTarget section */
		08BF1BC81A073ACE00DBBF8C /* BathroomFinder */ = {
			isa = PBXNativeTarget;
			buildConfigurationList = 08BF1BEB1A073ACE00DBBF8C /* Build configuration list for PBXNativeTarget "BathroomFinder" */;
			buildPhases = (
				08BF1BC51A073ACE00DBBF8C /* Sources */,
				08BF1BC61A073ACE00DBBF8C /* Frameworks */,
				08BF1BC71A073ACE00DBBF8C /* Resources */,
			);
			buildRules = (
			);
			dependencies = (
			);
			name = BathroomFinder;
			productName = BathroomFinder;
			productReference = 08BF1BC91A073ACE00DBBF8C /* BathroomFinder.app */;
			productType = "com.apple.product-type.application";
		};
		08BF1BE01A073ACE00DBBF8C /* BathroomFinderTests */ = {
			isa = PBXNativeTarget;
			buildConfigurationList = 08BF1BEE1A073ACE00DBBF8C /* Build configuration list for PBXNativeTarget "BathroomFinderTests" */;
			buildPhases = (
				08BF1BDD1A073ACE00DBBF8C /* Sources */,
				08BF1BDE1A073ACE00DBBF8C /* Frameworks */,
				08BF1BDF1A073ACE00DBBF8C /* Resources */,
			);
			buildRules = (
			);
			dependencies = (
				08BF1BE31A073ACE00DBBF8C /* PBXTargetDependency */,
			);
			name = BathroomFinderTests;
			productName = BathroomFinderTests;
			productReference = 08BF1BE11A073ACE00DBBF8C /* BathroomFinderTests.xctest */;
			productType = "com.apple.product-type.bundle.unit-test";
		};
/* End PBXNativeTarget section */

/* Begin PBXProject section */
		08BF1BC11A073ACE00DBBF8C /* Project object */ = {
			isa = PBXProject;
			attributes = {
				LastUpgradeCheck = 0610;
				ORGANIZATIONNAME = ReyAsoIndustries;
				TargetAttributes = {
					08BF1BC81A073ACE00DBBF8C = {
						CreatedOnToolsVersion = 6.1;
					};
					08BF1BE01A073ACE00DBBF8C = {
						CreatedOnToolsVersion = 6.1;
						TestTargetID = 08BF1BC81A073ACE00DBBF8C;
					};
				};
			};
			buildConfigurationList = 08BF1BC41A073ACE00DBBF8C /* Build configuration list for PBXProject "BathroomFinder" */;
			compatibilityVersion = "Xcode 3.2";
			developmentRegion = English;
			hasScannedForEncodings = 0;
			knownRegions = (
				en,
				Base,
			);
			mainGroup = 08BF1BC01A073ACE00DBBF8C;
			productRefGroup = 08BF1BCA1A073ACE00DBBF8C /* Products */;
			projectDirPath = "";
			projectRoot = "";
			targets = (
				08BF1BC81A073ACE00DBBF8C /* BathroomFinder */,
				08BF1BE01A073ACE00DBBF8C /* BathroomFinderTests */,
			);
		};
/* End PBXProject section */

/* Begin PBXResourcesBuildPhase section */
		08BF1BC71A073ACE00DBBF8C /* Resources */ = {
			isa = PBXResourcesBuildPhase;
			buildActionMask = 2147483647;
			files = (
				08BF1BD71A073ACE00DBBF8C /* Main.storyboard in Resources */,
				08BF1BDC1A073ACE00DBBF8C /* LaunchScreen.xib in Resources */,
				08BF1BD91A073ACE00DBBF8C /* Images.xcassets in Resources */,
			);
			runOnlyForDeploymentPostprocessing = 0;
		};
		08BF1BDF1A073ACE00DBBF8C /* Resources */ = {
			isa = PBXResourcesBuildPhase;
			buildActionMask = 2147483647;
			files = (
			);
			runOnlyForDeploymentPostprocessing = 0;
		};
/* End PBXResourcesBuildPhase section */

/* Begin PBXSourcesBuildPhase section */
		08BF1BC51A073ACE00DBBF8C /* Sources */ = {
			isa = PBXSourcesBuildPhase;
			buildActionMask = 2147483647;
			files = (
				08BF1BD41A073ACE00DBBF8C /* ViewController.swift in Sources */,
				08BF1BCF1A073ACE00DBBF8C /* AppDelegate.swift in Sources */,
				08BF1BD21A073ACE00DBBF8C /* BathroomFinder.xcdatamodeld in Sources */,
			);
			runOnlyForDeploymentPostprocessing = 0;
		};
		08BF1BDD1A073ACE00DBBF8C /* Sources */ = {
			isa = PBXSourcesBuildPhase;
			buildActionMask = 2147483647;
			files = (
				08BF1BE81A073ACE00DBBF8C /* BathroomFinderTests.swift in Sources */,
			);
			runOnlyForDeploymentPostprocessing = 0;
		};
/* End PBXSourcesBuildPhase section */

/* Begin PBXTargetDependency section */
		08BF1BE31A073ACE00DBBF8C /* PBXTargetDependency */ = {
			isa = PBXTargetDependency;
			target = 08BF1BC81A073ACE00DBBF8C /* BathroomFinder */;
			targetProxy = 08BF1BE21A073ACE00DBBF8C /* PBXContainerItemProxy */;
		};
/* End PBXTargetDependency section */

/* Begin PBXVariantGroup section */
		08BF1BD51A073ACE00DBBF8C /* Main.storyboard */ = {
			isa = PBXVariantGroup;
			children = (
				08BF1BD61A073ACE00DBBF8C /* Base */,
			);
			name = Main.storyboard;
			sourceTree = "<group>";
		};
		08BF1BDA1A073ACE00DBBF8C /* LaunchScreen.xib */ = {
			isa = PBXVariantGroup;
			children = (
				08BF1BDB1A073ACE00DBBF8C /* Base */,
			);
			name = LaunchScreen.xib;
			sourceTree = "<group>";
		};
/* End PBXVariantGroup section */

/* Begin XCBuildConfiguration section */
		08BF1BE91A073ACE00DBBF8C /* Debug */ = {
			isa = XCBuildConfiguration;
			buildSettings = {
				ALWAYS_SEARCH_USER_PATHS = NO;
				CLANG_CXX_LANGUAGE_STANDARD = "gnu++0x";
				CLANG_CXX_LIBRARY = "libc++";
				CLANG_ENABLE_MODULES = YES;
				CLANG_ENABLE_OBJC_ARC = YES;
				CLANG_WARN_BOOL_CONVERSION = YES;
				CLANG_WARN_CONSTANT_CONVERSION = YES;
				CLANG_WARN_DIRECT_OBJC_ISA_USAGE = YES_ERROR;
				CLANG_WARN_EMPTY_BODY = YES;
				CLANG_WARN_ENUM_CONVERSION = YES;
				CLANG_WARN_INT_CONVERSION = YES;
				CLANG_WARN_OBJC_ROOT_CLASS = YES_ERROR;
				CLANG_WARN_UNREACHABLE_CODE = YES;
				CLANG_WARN__DUPLICATE_METHOD_MATCH = YES;
				"CODE_SIGN_IDENTITY[sdk=iphoneos*]" = "iPhone Developer";
				COPY_PHASE_STRIP = NO;
				ENABLE_STRICT_OBJC_MSGSEND = YES;
				GCC_C_LANGUAGE_STANDARD = gnu99;
				GCC_DYNAMIC_NO_PIC = NO;
				GCC_OPTIMIZATION_LEVEL = 0;
				GCC_PREPROCESSOR_DEFINITIONS = (
					"DEBUG=1",
					"$(inherited)",
				);
				GCC_SYMBOLS_PRIVATE_EXTERN = NO;
				GCC_WARN_64_TO_32_BIT_CONVERSION = YES;
				GCC_WARN_ABOUT_RETURN_TYPE = YES_ERROR;
				GCC_WARN_UNDECLARED_SELECTOR = YES;
				GCC_WARN_UNINITIALIZED_AUTOS = YES_AGGRESSIVE;
				GCC_WARN_UNUSED_FUNCTION = YES;
				GCC_WARN_UNUSED_VARIABLE = YES;
				IPHONEOS_DEPLOYMENT_TARGET = 8.1;
				MTL_ENABLE_DEBUG_INFO = YES;
				ONLY_ACTIVE_ARCH = YES;
				SDKROOT = iphoneos;
				SWIFT_OPTIMIZATION_LEVEL = "-Onone";
			};
			name = Debug;
		};
		08BF1BEA1A073ACE00DBBF8C /* Release */ = {
			isa = XCBuildConfiguration;
			buildSettings = {
				ALWAYS_SEARCH_USER_PATHS = NO;
				CLANG_CXX_LANGUAGE_STANDARD = "gnu++0x";
				CLANG_CXX_LIBRARY = "libc++";
				CLANG_ENABLE_MODULES = YES;
				CLANG_ENABLE_OBJC_ARC = YES;
				CLANG_WARN_BOOL_CONVERSION = YES;
				CLANG_WARN_CONSTANT_CONVERSION = YES;
				CLANG_WARN_DIRECT_OBJC_ISA_USAGE = YES_ERROR;
				CLANG_WARN_EMPTY_BODY = YES;
				CLANG_WARN_ENUM_CONVERSION = YES;
				CLANG_WARN_INT_CONVERSION = YES;
				CLANG_WARN_OBJC_ROOT_CLASS = YES_ERROR;
				CLANG_WARN_UNREACHABLE_CODE = YES;
				CLANG_WARN__DUPLICATE_METHOD_MATCH = YES;
				"CODE_SIGN_IDENTITY[sdk=iphoneos*]" = "iPhone Developer";
				COPY_PHASE_STRIP = YES;
				ENABLE_NS_ASSERTIONS = NO;
				ENABLE_STRICT_OBJC_MSGSEND = YES;
				GCC_C_LANGUAGE_STANDARD = gnu99;
				GCC_WARN_64_TO_32_BIT_CONVERSION = YES;
				GCC_WARN_ABOUT_RETURN_TYPE = YES_ERROR;
				GCC_WARN_UNDECLARED_SELECTOR = YES;
				GCC_WARN_UNINITIALIZED_AUTOS = YES_AGGRESSIVE;
				GCC_WARN_UNUSED_FUNCTION = YES;
				GCC_WARN_UNUSED_VARIABLE = YES;
				IPHONEOS_DEPLOYMENT_TARGET = 8.1;
				MTL_ENABLE_DEBUG_INFO = NO;
				SDKROOT = iphoneos;
				VALIDATE_PRODUCT = YES;
			};
			name = Release;
		};
		08BF1BEC1A073ACE00DBBF8C /* Debug */ = {
			isa = XCBuildConfiguration;
			buildSettings = {
				ASSETCATALOG_COMPILER_APPICON_NAME = AppIcon;
				INFOPLIST_FILE = BathroomFinder/Info.plist;
				LD_RUNPATH_SEARCH_PATHS = "$(inherited) @executable_path/Frameworks";
				PRODUCT_NAME = "$(TARGET_NAME)";
			};
			name = Debug;
		};
		08BF1BED1A073ACE00DBBF8C /* Release */ = {
			isa = XCBuildConfiguration;
			buildSettings = {
				ASSETCATALOG_COMPILER_APPICON_NAME = AppIcon;
				INFOPLIST_FILE = BathroomFinder/Info.plist;
				LD_RUNPATH_SEARCH_PATHS = "$(inherited) @executable_path/Frameworks";
				PRODUCT_NAME = "$(TARGET_NAME)";
			};
			name = Release;
		};
		08BF1BEF1A073ACE00DBBF8C /* Debug */ = {
			isa = XCBuildConfiguration;
			buildSettings = {
				BUNDLE_LOADER = "$(TEST_HOST)";
				FRAMEWORK_SEARCH_PATHS = (
					"$(SDKROOT)/Developer/Library/Frameworks",
					"$(inherited)",
				);
				GCC_PREPROCESSOR_DEFINITIONS = (
					"DEBUG=1",
					"$(inherited)",
				);
				INFOPLIST_FILE = BathroomFinderTests/Info.plist;
				LD_RUNPATH_SEARCH_PATHS = "$(inherited) @executable_path/Frameworks @loader_path/Frameworks";
				PRODUCT_NAME = "$(TARGET_NAME)";
				TEST_HOST = "$(BUILT_PRODUCTS_DIR)/BathroomFinder.app/BathroomFinder";
			};
			name = Debug;
		};
		08BF1BF01A073ACE00DBBF8C /* Release */ = {
			isa = XCBuildConfiguration;
			buildSettings = {
				BUNDLE_LOADER = "$(TEST_HOST)";
				FRAMEWORK_SEARCH_PATHS = (
					"$(SDKROOT)/Developer/Library/Frameworks",
					"$(inherited)",
				);
				INFOPLIST_FILE = BathroomFinderTests/Info.plist;
				LD_RUNPATH_SEARCH_PATHS = "$(inherited) @executable_path/Frameworks @loader_path/Frameworks";
				PRODUCT_NAME = "$(TARGET_NAME)";
				TEST_HOST = "$(BUILT_PRODUCTS_DIR)/BathroomFinder.app/BathroomFinder";
			};
			name = Release;
		};
/* End XCBuildConfiguration section */

/* Begin XCConfigurationList section */
		08BF1BC41A073ACE00DBBF8C /* Build configuration list for PBXProject "BathroomFinder" */ = {
			isa = XCConfigurationList;
			buildConfigurations = (
				08BF1BE91A073ACE00DBBF8C /* Debug */,
				08BF1BEA1A073ACE00DBBF8C /* Release */,
			);
			defaultConfigurationIsVisible = 0;
			defaultConfigurationName = Release;
		};
		08BF1BEB1A073ACE00DBBF8C /* Build configuration list for PBXNativeTarget "BathroomFinder" */ = {
			isa = XCConfigurationList;
			buildConfigurations = (
				08BF1BEC1A073ACE00DBBF8C /* Debug */,
				08BF1BED1A073ACE00DBBF8C /* Release */,
			);
			defaultConfigurationIsVisible = 0;
		};
		08BF1BEE1A073ACE00DBBF8C /* Build configuration list for PBXNativeTarget "BathroomFinderTests" */ = {
			isa = XCConfigurationList;
			buildConfigurations = (
				08BF1BEF1A073ACE00DBBF8C /* Debug */,
				08BF1BF01A073ACE00DBBF8C /* Release */,
			);
			defaultConfigurationIsVisible = 0;
		};
/* End XCConfigurationList section */

/* Begin XCVersionGroup section */
		08BF1BD01A073ACE00DBBF8C /* BathroomFinder.xcdatamodeld */ = {
			isa = XCVersionGroup;
			children = (
				08BF1BD11A073ACE00DBBF8C /* BathroomFinder.xcdatamodel */,
			);
			currentVersion = 08BF1BD11A073ACE00DBBF8C /* BathroomFinder.xcdatamodel */;
			path = BathroomFinder.xcdatamodeld;
			sourceTree = "<group>";
			versionGroupType = wrapper.xcdatamodel;
		};
/* End XCVersionGroup section */
	};
	rootObject = 08BF1BC11A073ACE00DBBF8C /* Project object */;
}
